
Microsoft Visual Studio Solution File, Format Version 12.00
# Visual Studio Version 17
VisualStudioVersion = 17.5.002.0
MinimumVisualStudioVersion = 10.0.40219.1
Project("{9A19103F-16F7-4668-BE54-9A1E7A4F7556}") = "RestApi", "RestApi.csproj", "{9E31E649-0BF4-46ED-ACF8-A0A6D3A26930}"
EndProject
Global
	GlobalSection(SolutionConfigurationPlatforms) = preSolution
		Debug|Any CPU = Debug|Any CPU
		Release|Any CPU = Release|Any CPU
	EndGlobalSection
	GlobalSection(ProjectConfigurationPlatforms) = postSolution
		{9E31E649-0BF4-46ED-ACF8-A0A6D3A26930}.Debug|Any CPU.ActiveCfg = Debug|Any CPU
		{9E31E649-0BF4-46ED-ACF8-A0A6D3A26930}.Debug|Any CPU.Build.0 = Debug|Any CPU
		{9E31E649-0BF4-46ED-ACF8-A0A6D3A26930}.Release|Any CPU.ActiveCfg = Release|Any CPU
		{9E31E649-0BF4-46ED-ACF8-A0A6D3A26930}.Release|Any CPU.Build.0 = Release|Any CPU
	EndGlobalSection
	GlobalSection(SolutionProperties) = preSolution
		HideSolutionNode = FALSE
	EndGlobalSection
	GlobalSection(ExtensibilityGlobals) = postSolution
		SolutionGuid = {6B3CDB9D-FCDD-40E9-AA68-1F6B21177ABB}
	EndGlobalSection
EndGlobal
